{
  "name": "Frontend",
  "lockfileVersion": 3,
  "requires": true,
  "packages": {
    "": {
      "dependencies": {
        "primeicons": "^4.1.0",
        "primevue": "^3.7.1"
      }
    },
    "node_modules/primeicons": {
      "version": "4.1.0",
      "resolved": "https://registry.npmjs.org/primeicons/-/primeicons-4.1.0.tgz",
      "integrity": "sha512-uEv2pSPk1zQCfaB2VgnUfnUxxlGryYi+5rbdxmZBBt5v9S/pscIQYS5YDLxsQZ7D9jn5c76+Tx5wX/2J1nK6sA=="
    },
    "node_modules/primevue": {
      "version": "3.7.1",
      "resolved": "https://registry.npmjs.org/primevue/-/primevue-3.7.1.tgz",
      "integrity": "sha512-wL6TGE5zQfVySVblM9bq6VwFqPmQwd2uDGxn8FCDI2MPXEZ7JlOrT3BBeLCM/RJrIy1jAYq1gNTdVGe+6Zljgg=="
    }
  }
}
